// !$*UTF8*$!
{
	archiveVersion = 1;
	classes = {
	};
	objectVersion = 50;
	objects = {

/* Begin PBXBuildFile section */
		E4C7084C26187BD300D4AFED /* AppDelegate.swift in Sources */ = {isa = PBXBuildFile; fileRef = E4C7084B26187BD300D4AFED /* AppDelegate.swift */; };
		E4C7084E26187BD300D4AFED /* SceneDelegate.swift in Sources */ = {isa = PBXBuildFile; fileRef = E4C7084D26187BD300D4AFED /* SceneDelegate.swift */; };
		E4C7085026187BD300D4AFED /* ViewController.swift in Sources */ = {isa = PBXBuildFile; fileRef = E4C7084F26187BD300D4AFED /* ViewController.swift */; };
		E4C7085326187BD300D4AFED /* Main.storyboard in Resources */ = {isa = PBXBuildFile; fileRef = E4C7085126187BD300D4AFED /* Main.storyboard */; };
		E4C7085526187BD400D4AFED /* Assets.xcassets in Resources */ = {isa = PBXBuildFile; fileRef = E4C7085426187BD400D4AFED /* Assets.xcassets */; };
		E4C7085826187BD400D4AFED /* LaunchScreen.storyboard in Resources */ = {isa = PBXBuildFile; fileRef = E4C7085626187BD400D4AFED /* LaunchScreen.storyboard */; };
		E4C7086326187BD400D4AFED /* TripJournalAppTests.swift in Sources */ = {isa = PBXBuildFile; fileRef = E4C7086226187BD400D4AFED /* TripJournalAppTests.swift */; };
		E4C7086E26187BD500D4AFED /* TripJournalAppUITests.swift in Sources */ = {isa = PBXBuildFile; fileRef = E4C7086D26187BD500D4AFED /* TripJournalAppUITests.swift */; };
		E4C708852618814C00D4AFED /* Register.storyboard in Resources */ = {isa = PBXBuildFile; fileRef = E4C708842618814C00D4AFED /* Register.storyboard */; };
/* End PBXBuildFile section */

/* Begin PBXContainerItemProxy section */
		E4C7085F26187BD400D4AFED /* PBXContainerItemProxy */ = {
			isa = PBXContainerItemProxy;
			containerPortal = E4C7084026187BD300D4AFED /* Project object */;
			proxyType = 1;
			remoteGlobalIDString = E4C7084726187BD300D4AFED;
			remoteInfo = TripJournalApp;
		};
		E4C7086A26187BD500D4AFED /* PBXContainerItemProxy */ = {
			isa = PBXContainerItemProxy;
			containerPortal = E4C7084026187BD300D4AFED /* Project object */;
			proxyType = 1;
			remoteGlobalIDString = E4C7084726187BD300D4AFED;
			remoteInfo = TripJournalApp;
		};
/* End PBXContainerItemProxy section */

/* Begin PBXFileReference section */
		E4C7084826187BD300D4AFED /* TripJournalApp.app */ = {isa = PBXFileReference; explicitFileType = wrapper.application; includeInIndex = 0; path = TripJournalApp.app; sourceTree = BUILT_PRODUCTS_DIR; };
		E4C7084B26187BD300D4AFED /* AppDelegate.swift */ = {isa = PBXFileReference; lastKnownFileType = sourcecode.swift; path = AppDelegate.swift; sourceTree = "<group>"; };
		E4C7084D26187BD300D4AFED /* SceneDelegate.swift */ = {isa = PBXFileReference; lastKnownFileType = sourcecode.swift; path = SceneDelegate.swift; sourceTree = "<group>"; };
		E4C7084F26187BD300D4AFED /* ViewController.swift */ = {isa = PBXFileReference; lastKnownFileType = sourcecode.swift; path = ViewController.swift; sourceTree = "<group>"; };
		E4C7085226187BD300D4AFED /* Base */ = {isa = PBXFileReference; lastKnownFileType = file.storyboard; name = Base; path = Base.lproj/Main.storyboard; sourceTree = "<group>"; };
		E4C7085426187BD400D4AFED /* Assets.xcassets */ = {isa = PBXFileReference; lastKnownFileType = folder.assetcatalog; path = Assets.xcassets; sourceTree = "<group>"; };
		E4C7085726187BD400D4AFED /* Base */ = {isa = PBXFileReference; lastKnownFileType = file.storyboard; name = Base; path = Base.lproj/LaunchScreen.storyboard; sourceTree = "<group>"; };
		E4C7085926187BD400D4AFED /* Info.plist */ = {isa = PBXFileReference; lastKnownFileType = text.plist.xml; path = Info.plist; sourceTree = "<group>"; };
		E4C7085E26187BD400D4AFED /* TripJournalAppTests.xctest */ = {isa = PBXFileReference; explicitFileType = wrapper.cfbundle; includeInIndex = 0; path = TripJournalAppTests.xctest; sourceTree = BUILT_PRODUCTS_DIR; };
		E4C7086226187BD400D4AFED /* TripJournalAppTests.swift */ = {isa = PBXFileReference; lastKnownFileType = sourcecode.swift; path = TripJournalAppTests.swift; sourceTree = "<group>"; };
		E4C7086426187BD400D4AFED /* Info.plist */ = {isa = PBXFileReference; lastKnownFileType = text.plist.xml; path = Info.plist; sourceTree = "<group>"; };
		E4C7086926187BD500D4AFED /* TripJournalAppUITests.xctest */ = {isa = PBXFileReference; explicitFileType = wrapper.cfbundle; includeInIndex = 0; path = TripJournalAppUITests.xctest; sourceTree = BUILT_PRODUCTS_DIR; };
		E4C7086D26187BD500D4AFED /* TripJournalAppUITests.swift */ = {isa = PBXFileReference; lastKnownFileType = sourcecode.swift; path = TripJournalAppUITests.swift; sourceTree = "<group>"; };
		E4C7086F26187BD500D4AFED /* Info.plist */ = {isa = PBXFileReference; lastKnownFileType = text.plist.xml; path = Info.plist; sourceTree = "<group>"; };
		E4C708842618814C00D4AFED /* Register.storyboard */ = {isa = PBXFileReference; lastKnownFileType = file.storyboard; path = Register.storyboard; sourceTree = "<group>"; };
/* End PBXFileReference section */

/* Begin PBXFrameworksBuildPhase section */
		E4C7084526187BD300D4AFED /* Frameworks */ = {
			isa = PBXFrameworksBuildPhase;
			buildActionMask = 2147483647;
			files = (
			);
			runOnlyForDeploymentPostprocessing = 0;
		};
		E4C7085B26187BD400D4AFED /* Frameworks */ = {
			isa = PBXFrameworksBuildPhase;
			buildActionMask = 2147483647;
			files = (
			);
			runOnlyForDeploymentPostprocessing = 0;
		};
		E4C7086626187BD500D4AFED /* Frameworks */ = {
			isa = PBXFrameworksBuildPhase;
			buildActionMask = 2147483647;
			files = (
			);
			runOnlyForDeploymentPostprocessing = 0;
		};
/* End PBXFrameworksBuildPhase section */

/* Begin PBXGroup section */
		E4C7083F26187BD300D4AFED = {
			isa = PBXGroup;
			children = (
				E4C7084A26187BD300D4AFED /* TripJournalApp */,
				E4C7086126187BD400D4AFED /* TripJournalAppTests */,
				E4C7086C26187BD500D4AFED /* TripJournalAppUITests */,
				E4C7084926187BD300D4AFED /* Products */,
			);
			sourceTree = "<group>";
		};
		E4C7084926187BD300D4AFED /* Products */ = {
			isa = PBXGroup;
			children = (
				E4C7084826187BD300D4AFED /* TripJournalApp.app */,
				E4C7085E26187BD400D4AFED /* TripJournalAppTests.xctest */,
				E4C7086926187BD500D4AFED /* TripJournalAppUITests.xctest */,
			);
			name = Products;
			sourceTree = "<group>";
		};
		E4C7084A26187BD300D4AFED /* TripJournalApp */ = {
			isa = PBXGroup;
			children = (
				E4C7084B26187BD300D4AFED /* AppDelegate.swift */,
				E4C7084D26187BD300D4AFED /* SceneDelegate.swift */,
				E4C7084F26187BD300D4AFED /* ViewController.swift */,
				E4C7085126187BD300D4AFED /* Main.storyboard */,
				E4C7085426187BD400D4AFED /* Assets.xcassets */,
				E4C7085626187BD400D4AFED /* LaunchScreen.storyboard */,
				E4C7085926187BD400D4AFED /* Info.plist */,
				E4C708842618814C00D4AFED /* Register.storyboard */,
			);
			path = TripJournalApp;
			sourceTree = "<group>";
		};
		E4C7086126187BD400D4AFED /* TripJournalAppTests */ = {
			isa = PBXGroup;
			children = (
				E4C7086226187BD400D4AFED /* TripJournalAppTests.swift */,
				E4C7086426187BD400D4AFED /* Info.plist */,
			);
			path = TripJournalAppTests;
			sourceTree = "<group>";
		};
		E4C7086C26187BD500D4AFED /* TripJournalAppUITests */ = {
			isa = PBXGroup;
			children = (
				E4C7086D26187BD500D4AFED /* TripJournalAppUITests.swift */,
				E4C7086F26187BD500D4AFED /* Info.plist */,
			);
			path = TripJournalAppUITests;
			sourceTree = "<group>";
		};
/* End PBXGroup section */

/* Begin PBXNativeTarget section */
		E4C7084726187BD300D4AFED /* TripJournalApp */ = {
			isa = PBXNativeTarget;
			buildConfigurationList = E4C7087226187BD500D4AFED /* Build configuration list for PBXNativeTarget "TripJournalApp" */;
			buildPhases = (
				E4C7084426187BD300D4AFED /* Sources */,
				E4C7084526187BD300D4AFED /* Frameworks */,
				E4C7084626187BD300D4AFED /* Resources */,
			);
			buildRules = (
			);
			dependencies = (
			);
			name = TripJournalApp;
			productName = TripJournalApp;
			productReference = E4C7084826187BD300D4AFED /* TripJournalApp.app */;
			productType = "com.apple.product-type.application";
		};
		E4C7085D26187BD400D4AFED /* TripJournalAppTests */ = {
			isa = PBXNativeTarget;
			buildConfigurationList = E4C7087526187BD500D4AFED /* Build configuration list for PBXNativeTarget "TripJournalAppTests" */;
			buildPhases = (
				E4C7085A26187BD400D4AFED /* Sources */,
				E4C7085B26187BD400D4AFED /* Frameworks */,
				E4C7085C26187BD400D4AFED /* Resources */,
			);
			buildRules = (
			);
			dependencies = (
				E4C7086026187BD400D4AFED /* PBXTargetDependency */,
			);
			name = TripJournalAppTests;
			productName = TripJournalAppTests;
			productReference = E4C7085E26187BD400D4AFED /* TripJournalAppTests.xctest */;
			productType = "com.apple.product-type.bundle.unit-test";
		};
		E4C7086826187BD500D4AFED /* TripJournalAppUITests */ = {
			isa = PBXNativeTarget;
			buildConfigurationList = E4C7087826187BD500D4AFED /* Build configuration list for PBXNativeTarget "TripJournalAppUITests" */;
			buildPhases = (
				E4C7086526187BD500D4AFED /* Sources */,
				E4C7086626187BD500D4AFED /* Frameworks */,
				E4C7086726187BD500D4AFED /* Resources */,
			);
			buildRules = (
			);
			dependencies = (
				E4C7086B26187BD500D4AFED /* PBXTargetDependency */,
			);
			name = TripJournalAppUITests;
			productName = TripJournalAppUITests;
			productReference = E4C7086926187BD500D4AFED /* TripJournalAppUITests.xctest */;
			productType = "com.apple.product-type.bundle.ui-testing";
		};
/* End PBXNativeTarget section */

/* Begin PBXProject section */
		E4C7084026187BD300D4AFED /* Project object */ = {
			isa = PBXProject;
			attributes = {
				LastSwiftUpdateCheck = 1240;
				LastUpgradeCheck = 1240;
				TargetAttributes = {
					E4C7084726187BD300D4AFED = {
						CreatedOnToolsVersion = 12.4;
					};
					E4C7085D26187BD400D4AFED = {
						CreatedOnToolsVersion = 12.4;
						TestTargetID = E4C7084726187BD300D4AFED;
					};
					E4C7086826187BD500D4AFED = {
						CreatedOnToolsVersion = 12.4;
						TestTargetID = E4C7084726187BD300D4AFED;
					};
				};
			};
			buildConfigurationList = E4C7084326187BD300D4AFED /* Build configuration list for PBXProject "TripJournalApp" */;
			compatibilityVersion = "Xcode 9.3";
			developmentRegion = en;
			hasScannedForEncodings = 0;
			knownRegions = (
				en,
				Base,
			);
			mainGroup = E4C7083F26187BD300D4AFED;
			productRefGroup = E4C7084926187BD300D4AFED /* Products */;
			projectDirPath = "";
			projectRoot = "";
			targets = (
				E4C7084726187BD300D4AFED /* TripJournalApp */,
				E4C7085D26187BD400D4AFED /* TripJournalAppTests */,
				E4C7086826187BD500D4AFED /* TripJournalAppUITests */,
			);
		};
/* End PBXProject section */

/* Begin PBXResourcesBuildPhase section */
		E4C7084626187BD300D4AFED /* Resources */ = {
			isa = PBXResourcesBuildPhase;
			buildActionMask = 2147483647;
			files = (
				E4C7085826187BD400D4AFED /* LaunchScreen.storyboard in Resources */,
				E4C7085526187BD400D4AFED /* Assets.xcassets in Resources */,
				E4C7085326187BD300D4AFED /* Main.storyboard in Resources */,
				E4C708852618814C00D4AFED /* Register.storyboard in Resources */,
			);
			runOnlyForDeploymentPostprocessing = 0;
		};
		E4C7085C26187BD400D4AFED /* Resources */ = {
			isa = PBXResourcesBuildPhase;
			buildActionMask = 2147483647;
			files = (
			);
			runOnlyForDeploymentPostprocessing = 0;
		};
		E4C7086726187BD500D4AFED /* Resources */ = {
			isa = PBXResourcesBuildPhase;
			buildActionMask = 2147483647;
			files = (
			);
			runOnlyForDeploymentPostprocessing = 0;
		};
/* End PBXResourcesBuildPhase section */

/* Begin PBXSourcesBuildPhase section */
		E4C7084426187BD300D4AFED /* Sources */ = {
			isa = PBXSourcesBuildPhase;
			buildActionMask = 2147483647;
			files = (
				E4C7085026187BD300D4AFED /* ViewController.swift in Sources */,
				E4C7084C26187BD300D4AFED /* AppDelegate.swift in Sources */,
				E4C7084E26187BD300D4AFED /* SceneDelegate.swift in Sources */,
			);
			runOnlyForDeploymentPostprocessing = 0;
		};
		E4C7085A26187BD400D4AFED /* Sources */ = {
			isa = PBXSourcesBuildPhase;
			buildActionMask = 2147483647;
			files = (
				E4C7086326187BD400D4AFED /* TripJournalAppTests.swift in Sources */,
			);
			runOnlyForDeploymentPostprocessing = 0;
		};
		E4C7086526187BD500D4AFED /* Sources */ = {
			isa = PBXSourcesBuildPhase;
			buildActionMask = 2147483647;
			files = (
				E4C7086E26187BD500D4AFED /* TripJournalAppUITests.swift in Sources */,
			);
			runOnlyForDeploymentPostprocessing = 0;
		};
/* End PBXSourcesBuildPhase section */

/* Begin PBXTargetDependency section */
		E4C7086026187BD400D4AFED /* PBXTargetDependency */ = {
			isa = PBXTargetDependency;
			target = E4C7084726187BD300D4AFED /* TripJournalApp */;
			targetProxy = E4C7085F26187BD400D4AFED /* PBXContainerItemProxy */;
		};
		E4C7086B26187BD500D4AFED /* PBXTargetDependency */ = {
			isa = PBXTargetDependency;
			target = E4C7084726187BD300D4AFED /* TripJournalApp */;
			targetProxy = E4C7086A26187BD500D4AFED /* PBXContainerItemProxy */;
		};
/* End PBXTargetDependency section */

/* Begin PBXVariantGroup section */
		E4C7085126187BD300D4AFED /* Main.storyboard */ = {
			isa = PBXVariantGroup;
			children = (
				E4C7085226187BD300D4AFED /* Base */,
			);
			name = Main.storyboard;
			sourceTree = "<group>";
		};
		E4C7085626187BD400D4AFED /* LaunchScreen.storyboard */ = {
			isa = PBXVariantGroup;
			children = (
				E4C7085726187BD400D4AFED /* Base */,
			);
			name = LaunchScreen.storyboard;
			sourceTree = "<group>";
		};
/* End PBXVariantGroup section */

/* Begin XCBuildConfiguration section */
		E4C7087026187BD500D4AFED /* Debug */ = {
			isa = XCBuildConfiguration;
			buildSettings = {
				ALWAYS_SEARCH_USER_PATHS = NO;
				CLANG_ANALYZER_NONNULL = YES;
				CLANG_ANALYZER_NUMBER_OBJECT_CONVERSION = YES_AGGRESSIVE;
				CLANG_CXX_LANGUAGE_STANDARD = "gnu++14";
				CLANG_CXX_LIBRARY = "libc++";
				CLANG_ENABLE_MODULES = YES;
				CLANG_ENABLE_OBJC_ARC = YES;
				CLANG_ENABLE_OBJC_WEAK = YES;
				CLANG_WARN_BLOCK_CAPTURE_AUTORELEASING = YES;
				CLANG_WARN_BOOL_CONVERSION = YES;
				CLANG_WARN_COMMA = YES;
				CLANG_WARN_CONSTANT_CONVERSION = YES;
				CLANG_WARN_DEPRECATED_OBJC_IMPLEMENTATIONS = YES;
				CLANG_WARN_DIRECT_OBJC_ISA_USAGE = YES_ERROR;
				CLANG_WARN_DOCUMENTATION_COMMENTS = YES;
				CLANG_WARN_EMPTY_BODY = YES;
				CLANG_WARN_ENUM_CONVERSION = YES;
				CLANG_WARN_INFINITE_RECURSION = YES;
				CLANG_WARN_INT_CONVERSION = YES;
				CLANG_WARN_NON_LITERAL_NULL_CONVERSION = YES;
				CLANG_WARN_OBJC_IMPLICIT_RETAIN_SELF = YES;
				CLANG_WARN_OBJC_LITERAL_CONVERSION = YES;
				CLANG_WARN_OBJC_ROOT_CLASS = YES_ERROR;
				CLANG_WARN_QUOTED_INCLUDE_IN_FRAMEWORK_HEADER = YES;
				CLANG_WARN_RANGE_LOOP_ANALYSIS = YES;
				CLANG_WARN_STRICT_PROTOTYPES = YES;
				CLANG_WARN_SUSPICIOUS_MOVE = YES;
				CLANG_WARN_UNGUARDED_AVAILABILITY = YES_AGGRESSIVE;
				CLANG_WARN_UNREACHABLE_CODE = YES;
				CLANG_WARN__DUPLICATE_METHOD_MATCH = YES;
				COPY_PHASE_STRIP = NO;
				DEBUG_INFORMATION_FORMAT = dwarf;
				ENABLE_STRICT_OBJC_MSGSEND = YES;
				ENABLE_TESTABILITY = YES;
				GCC_C_LANGUAGE_STANDARD = gnu11;
				GCC_DYNAMIC_NO_PIC = NO;
				GCC_NO_COMMON_BLOCKS = YES;
				GCC_OPTIMIZATION_LEVEL = 0;
				GCC_PREPROCESSOR_DEFINITIONS = (
					"DEBUG=1",
					"$(inherited)",
				);
				GCC_WARN_64_TO_32_BIT_CONVERSION = YES;
				GCC_WARN_ABOUT_RETURN_TYPE = YES_ERROR;
				GCC_WARN_UNDECLARED_SELECTOR = YES;
				GCC_WARN_UNINITIALIZED_AUTOS = YES_AGGRESSIVE;
				GCC_WARN_UNUSED_FUNCTION = YES;
				GCC_WARN_UNUSED_VARIABLE = YES;
				IPHONEOS_DEPLOYMENT_TARGET = 14.4;
				MTL_ENABLE_DEBUG_INFO = INCLUDE_SOURCE;
				MTL_FAST_MATH = YES;
				ONLY_ACTIVE_ARCH = YES;
				SDKROOT = iphoneos;
				SWIFT_ACTIVE_COMPILATION_CONDITIONS = DEBUG;
				SWIFT_OPTIMIZATION_LEVEL = "-Onone";
			};
			name = Debug;
		};
		E4C7087126187BD500D4AFED /* Release */ = {
			isa = XCBuildConfiguration;
			buildSettings = {
				ALWAYS_SEARCH_USER_PATHS = NO;
				CLANG_ANALYZER_NONNULL = YES;
				CLANG_ANALYZER_NUMBER_OBJECT_CONVERSION = YES_AGGRESSIVE;
				CLANG_CXX_LANGUAGE_STANDARD = "gnu++14";
				CLANG_CXX_LIBRARY = "libc++";
				CLANG_ENABLE_MODULES = YES;
				CLANG_ENABLE_OBJC_ARC = YES;
				CLANG_ENABLE_OBJC_WEAK = YES;
				CLANG_WARN_BLOCK_CAPTURE_AUTORELEASING = YES;
				CLANG_WARN_BOOL_CONVERSION = YES;
				CLANG_WARN_COMMA = YES;
				CLANG_WARN_CONSTANT_CONVERSION = YES;
				CLANG_WARN_DEPRECATED_OBJC_IMPLEMENTATIONS = YES;
				CLANG_WARN_DIRECT_OBJC_ISA_USAGE = YES_ERROR;
				CLANG_WARN_DOCUMENTATION_COMMENTS = YES;
				CLANG_WARN_EMPTY_BODY = YES;
				CLANG_WARN_ENUM_CONVERSION = YES;
				CLANG_WARN_INFINITE_RECURSION = YES;
				CLANG_WARN_INT_CONVERSION = YES;
				CLANG_WARN_NON_LITERAL_NULL_CONVERSION = YES;
				CLANG_WARN_OBJC_IMPLICIT_RETAIN_SELF = YES;
				CLANG_WARN_OBJC_LITERAL_CONVERSION = YES;
				CLANG_WARN_OBJC_ROOT_CLASS = YES_ERROR;
				CLANG_WARN_QUOTED_INCLUDE_IN_FRAMEWORK_HEADER = YES;
				CLANG_WARN_RANGE_LOOP_ANALYSIS = YES;
				CLANG_WARN_STRICT_PROTOTYPES = YES;
				CLANG_WARN_SUSPICIOUS_MOVE = YES;
				CLANG_WARN_UNGUARDED_AVAILABILITY = YES_AGGRESSIVE;
				CLANG_WARN_UNREACHABLE_CODE = YES;
				CLANG_WARN__DUPLICATE_METHOD_MATCH = YES;
				COPY_PHASE_STRIP = NO;
				DEBUG_INFORMATION_FORMAT = "dwarf-with-dsym";
				ENABLE_NS_ASSERTIONS = NO;
				ENABLE_STRICT_OBJC_MSGSEND = YES;
				GCC_C_LANGUAGE_STANDARD = gnu11;
				GCC_NO_COMMON_BLOCKS = YES;
				GCC_WARN_64_TO_32_BIT_CONVERSION = YES;
				GCC_WARN_ABOUT_RETURN_TYPE = YES_ERROR;
				GCC_WARN_UNDECLARED_SELECTOR = YES;
				GCC_WARN_UNINITIALIZED_AUTOS = YES_AGGRESSIVE;
				GCC_WARN_UNUSED_FUNCTION = YES;
				GCC_WARN_UNUSED_VARIABLE = YES;
				IPHONEOS_DEPLOYMENT_TARGET = 14.4;
				MTL_ENABLE_DEBUG_INFO = NO;
				MTL_FAST_MATH = YES;
				SDKROOT = iphoneos;
				SWIFT_COMPILATION_MODE = wholemodule;
				SWIFT_OPTIMIZATION_LEVEL = "-O";
				VALIDATE_PRODUCT = YES;
			};
			name = Release;
		};
		E4C7087326187BD500D4AFED /* Debug */ = {
			isa = XCBuildConfiguration;
			buildSettings = {
				ASSETCATALOG_COMPILER_APPICON_NAME = AppIcon;
				ASSETCATALOG_COMPILER_GLOBAL_ACCENT_COLOR_NAME = AccentColor;
				CODE_SIGN_STYLE = Automatic;
				INFOPLIST_FILE = TripJournalApp/Info.plist;
				LD_RUNPATH_SEARCH_PATHS = (
					"$(inherited)",
					"@executable_path/Frameworks",
				);
				PRODUCT_BUNDLE_IDENTIFIER = com.tripjournal.TripJournalApp;
				PRODUCT_NAME = "$(TARGET_NAME)";
				SWIFT_VERSION = 5.0;
				TARGETED_DEVICE_FAMILY = "1,2";
			};
			name = Debug;
		};
		E4C7087426187BD500D4AFED /* Release */ = {
			isa = XCBuildConfiguration;
			buildSettings = {
				ASSETCATALOG_COMPILER_APPICON_NAME = AppIcon;
				ASSETCATALOG_COMPILER_GLOBAL_ACCENT_COLOR_NAME = AccentColor;
				CODE_SIGN_STYLE = Automatic;
				INFOPLIST_FILE = TripJournalApp/Info.plist;
				LD_RUNPATH_SEARCH_PATHS = (
					"$(inherited)",
					"@executable_path/Frameworks",
				);
				PRODUCT_BUNDLE_IDENTIFIER = com.tripjournal.TripJournalApp;
				PRODUCT_NAME = "$(TARGET_NAME)";
				SWIFT_VERSION = 5.0;
				TARGETED_DEVICE_FAMILY = "1,2";
			};
			name = Release;
		};
		E4C7087626187BD500D4AFED /* Debug */ = {
			isa = XCBuildConfiguration;
			buildSettings = {
				ALWAYS_EMBED_SWIFT_STANDARD_LIBRARIES = YES;
				BUNDLE_LOADER = "$(TEST_HOST)";
				CODE_SIGN_STYLE = Automatic;
				INFOPLIST_FILE = TripJournalAppTests/Info.plist;
				IPHONEOS_DEPLOYMENT_TARGET = 14.4;
				LD_RUNPATH_SEARCH_PATHS = (
					"$(inherited)",
					"@executable_path/Frameworks",
					"@loader_path/Frameworks",
				);
				PRODUCT_BUNDLE_IDENTIFIER = com.tripjournal.TripJournalAppTests;
				PRODUCT_NAME = "$(TARGET_NAME)";
				SWIFT_VERSION = 5.0;
				TARGETED_DEVICE_FAMILY = "1,2";
				TEST_HOST = "$(BUILT_PRODUCTS_DIR)/TripJournalApp.app/TripJournalApp";
			};
			name = Debug;
		};
		E4C7087726187BD500D4AFED /* Release */ = {
			isa = XCBuildConfiguration;
			buildSettings = {
				ALWAYS_EMBED_SWIFT_STANDARD_LIBRARIES = YES;
				BUNDLE_LOADER = "$(TEST_HOST)";
				CODE_SIGN_STYLE = Automatic;
				INFOPLIST_FILE = TripJournalAppTests/Info.plist;
				IPHONEOS_DEPLOYMENT_TARGET = 14.4;
				LD_RUNPATH_SEARCH_PATHS = (
					"$(inherited)",
					"@executable_path/Frameworks",
					"@loader_path/Frameworks",
				);
				PRODUCT_BUNDLE_IDENTIFIER = com.tripjournal.TripJournalAppTests;
				PRODUCT_NAME = "$(TARGET_NAME)";
				SWIFT_VERSION = 5.0;
				TARGETED_DEVICE_FAMILY = "1,2";
				TEST_HOST = "$(BUILT_PRODUCTS_DIR)/TripJournalApp.app/TripJournalApp";
			};
			name = Release;
		};
		E4C7087926187BD500D4AFED /* Debug */ = {
			isa = XCBuildConfiguration;
			buildSettings = {
				ALWAYS_EMBED_SWIFT_STANDARD_LIBRARIES = YES;
				CODE_SIGN_STYLE = Automatic;
				INFOPLIST_FILE = TripJournalAppUITests/Info.plist;
				LD_RUNPATH_SEARCH_PATHS = (
					"$(inherited)",
					"@executable_path/Frameworks",
					"@loader_path/Frameworks",
				);
				PRODUCT_BUNDLE_IDENTIFIER = com.tripjournal.TripJournalAppUITests;
				PRODUCT_NAME = "$(TARGET_NAME)";
				SWIFT_VERSION = 5.0;
				TARGETED_DEVICE_FAMILY = "1,2";
				TEST_TARGET_NAME = TripJournalApp;
			};
			name = Debug;
		};
		E4C7087A26187BD500D4AFED /* Release */ = {
			isa = XCBuildConfiguration;
			buildSettings = {
				ALWAYS_EMBED_SWIFT_STANDARD_LIBRARIES = YES;
				CODE_SIGN_STYLE = Automatic;
				INFOPLIST_FILE = TripJournalAppUITests/Info.plist;
				LD_RUNPATH_SEARCH_PATHS = (
					"$(inherited)",
					"@executable_path/Frameworks",
					"@loader_path/Frameworks",
				);
				PRODUCT_BUNDLE_IDENTIFIER = com.tripjournal.TripJournalAppUITests;
				PRODUCT_NAME = "$(TARGET_NAME)";
				SWIFT_VERSION = 5.0;
				TARGETED_DEVICE_FAMILY = "1,2";
				TEST_TARGET_NAME = TripJournalApp;
			};
			name = Release;
		};
/* End XCBuildConfiguration section */

/* Begin XCConfigurationList section */
		E4C7084326187BD300D4AFED /* Build configuration list for PBXProject "TripJournalApp" */ = {
			isa = XCConfigurationList;
			buildConfigurations = (
				E4C7087026187BD500D4AFED /* Debug */,
				E4C7087126187BD500D4AFED /* Release */,
			);
			defaultConfigurationIsVisible = 0;
			defaultConfigurationName = Release;
		};
		E4C7087226187BD500D4AFED /* Build configuration list for PBXNativeTarget "TripJournalApp" */ = {
			isa = XCConfigurationList;
			buildConfigurations = (
				E4C7087326187BD500D4AFED /* Debug */,
				E4C7087426187BD500D4AFED /* Release */,
			);
			defaultConfigurationIsVisible = 0;
			defaultConfigurationName = Release;
		};
		E4C7087526187BD500D4AFED /* Build configuration list for PBXNativeTarget "TripJournalAppTests" */ = {
			isa = XCConfigurationList;
			buildConfigurations = (
				E4C7087626187BD500D4AFED /* Debug */,
				E4C7087726187BD500D4AFED /* Release */,
			);
			defaultConfigurationIsVisible = 0;
			defaultConfigurationName = Release;
		};
		E4C7087826187BD500D4AFED /* Build configuration list for PBXNativeTarget "TripJournalAppUITests" */ = {
			isa = XCConfigurationList;
			buildConfigurations = (
				E4C7087926187BD500D4AFED /* Debug */,
				E4C7087A26187BD500D4AFED /* Release */,
			);
			defaultConfigurationIsVisible = 0;
			defaultConfigurationName = Release;
		};
/* End XCConfigurationList section */
	};
	rootObject = E4C7084026187BD300D4AFED /* Project object */;
}
