// !$*UTF8*$!
{
	archiveVersion = 1;
	classes = {
	};
	objectVersion = 51;
	objects = {

/* Begin PBXBuildFile section */
		506D1DC37176D2A7702959FF /* Pods_TripJournalAppTests.framework in Frameworks */ = {isa = PBXBuildFile; fileRef = CDD896389F26F54F003B71A5 /* Pods_TripJournalAppTests.framework */; };
		A084A2518B517E5218FF65F3 /* Pods_TripJournalApp.framework in Frameworks */ = {isa = PBXBuildFile; fileRef = C7893DD6DFB75D35433AEDD3 /* Pods_TripJournalApp.framework */; };
		D8B0365D46E7C3FEB4356B0A /* Pods_TripJournalApp_TripJournalAppUITests.framework in Frameworks */ = {isa = PBXBuildFile; fileRef = D074EE366D0306B30DD51749 /* Pods_TripJournalApp_TripJournalAppUITests.framework */; };
		E405E38B2618C23F00A73816 /* LoginViewController.swift in Sources */ = {isa = PBXBuildFile; fileRef = E405E38A2618C23F00A73816 /* LoginViewController.swift */; };
		E405E3902618C26000A73816 /* RegisterViewController.swift in Sources */ = {isa = PBXBuildFile; fileRef = E405E38F2618C26000A73816 /* RegisterViewController.swift */; };
		E405E3952618D76C00A73816 /* Constants.swift in Sources */ = {isa = PBXBuildFile; fileRef = E405E3942618D76C00A73816 /* Constants.swift */; };
		E405E3AD2618E78B00A73816 /* CurrentUser.swift in Sources */ = {isa = PBXBuildFile; fileRef = E405E3AC2618E78B00A73816 /* CurrentUser.swift */; };
		E480476C2619BC38006BC0C6 /* HomeViewController.swift in Sources */ = {isa = PBXBuildFile; fileRef = E480476B2619BC38006BC0C6 /* HomeViewController.swift */; };
		E4C7084C26187BD300D4AFED /* AppDelegate.swift in Sources */ = {isa = PBXBuildFile; fileRef = E4C7084B26187BD300D4AFED /* AppDelegate.swift */; };
		E4C7084E26187BD300D4AFED /* SceneDelegate.swift in Sources */ = {isa = PBXBuildFile; fileRef = E4C7084D26187BD300D4AFED /* SceneDelegate.swift */; };
		E4C7085026187BD300D4AFED /* ViewController.swift in Sources */ = {isa = PBXBuildFile; fileRef = E4C7084F26187BD300D4AFED /* ViewController.swift */; };
		E4C7085326187BD300D4AFED /* Main.storyboard in Resources */ = {isa = PBXBuildFile; fileRef = E4C7085126187BD300D4AFED /* Main.storyboard */; };
		E4C7085526187BD400D4AFED /* Assets.xcassets in Resources */ = {isa = PBXBuildFile; fileRef = E4C7085426187BD400D4AFED /* Assets.xcassets */; };
		E4C7085826187BD400D4AFED /* LaunchScreen.storyboard in Resources */ = {isa = PBXBuildFile; fileRef = E4C7085626187BD400D4AFED /* LaunchScreen.storyboard */; };
		E4C7086326187BD400D4AFED /* TripJournalAppTests.swift in Sources */ = {isa = PBXBuildFile; fileRef = E4C7086226187BD400D4AFED /* TripJournalAppTests.swift */; };
		E4C7086E26187BD500D4AFED /* TripJournalAppUITests.swift in Sources */ = {isa = PBXBuildFile; fileRef = E4C7086D26187BD500D4AFED /* TripJournalAppUITests.swift */; };
		E4C708852618814C00D4AFED /* Register.storyboard in Resources */ = {isa = PBXBuildFile; fileRef = E4C708842618814C00D4AFED /* Register.storyboard */; };
		FBC78DE22618AF5C00E3AA93 /* User.swift in Sources */ = {isa = PBXBuildFile; fileRef = FBC78DE12618AF5C00E3AA93 /* User.swift */; };
		FBC78DE72618B7E100E3AA93 /* Trip.swift in Sources */ = {isa = PBXBuildFile; fileRef = FBC78DE62618B7E100E3AA93 /* Trip.swift */; };
		FBC78DEC2618BB0900E3AA93 /* Favorites.swift in Sources */ = {isa = PBXBuildFile; fileRef = FBC78DEB2618BB0900E3AA93 /* Favorites.swift */; };
		FBC78DF12618BCE300E3AA93 /* LoginRequest.swift in Sources */ = {isa = PBXBuildFile; fileRef = FBC78DF02618BCE300E3AA93 /* LoginRequest.swift */; };
		FBC78E032618C60600E3AA93 /* Repository.swift in Sources */ = {isa = PBXBuildFile; fileRef = FBC78E022618C60600E3AA93 /* Repository.swift */; };
/* End PBXBuildFile section */

/* Begin PBXContainerItemProxy section */
		E4C7085F26187BD400D4AFED /* PBXContainerItemProxy */ = {
			isa = PBXContainerItemProxy;
			containerPortal = E4C7084026187BD300D4AFED /* Project object */;
			proxyType = 1;
			remoteGlobalIDString = E4C7084726187BD300D4AFED;
			remoteInfo = TripJournalApp;
		};
		E4C7086A26187BD500D4AFED /* PBXContainerItemProxy */ = {
			isa = PBXContainerItemProxy;
			containerPortal = E4C7084026187BD300D4AFED /* Project object */;
			proxyType = 1;
			remoteGlobalIDString = E4C7084726187BD300D4AFED;
			remoteInfo = TripJournalApp;
		};
/* End PBXContainerItemProxy section */

/* Begin PBXFileReference section */
		1C3F4565CEFC2054B1772A67 /* Pods-TripJournalAppTests.debug.xcconfig */ = {isa = PBXFileReference; includeInIndex = 1; lastKnownFileType = text.xcconfig; name = "Pods-TripJournalAppTests.debug.xcconfig"; path = "Target Support Files/Pods-TripJournalAppTests/Pods-TripJournalAppTests.debug.xcconfig"; sourceTree = "<group>"; };
		2B6A0F44FBB5E9D8BF551CF5 /* Pods-TripJournalApp-TripJournalAppUITests.debug.xcconfig */ = {isa = PBXFileReference; includeInIndex = 1; lastKnownFileType = text.xcconfig; name = "Pods-TripJournalApp-TripJournalAppUITests.debug.xcconfig"; path = "Target Support Files/Pods-TripJournalApp-TripJournalAppUITests/Pods-TripJournalApp-TripJournalAppUITests.debug.xcconfig"; sourceTree = "<group>"; };
		762E9B2C59CEB33EBFA36A7E /* Pods-TripJournalApp-TripJournalAppUITests.release.xcconfig */ = {isa = PBXFileReference; includeInIndex = 1; lastKnownFileType = text.xcconfig; name = "Pods-TripJournalApp-TripJournalAppUITests.release.xcconfig"; path = "Target Support Files/Pods-TripJournalApp-TripJournalAppUITests/Pods-TripJournalApp-TripJournalAppUITests.release.xcconfig"; sourceTree = "<group>"; };
		B1D6045925A8F05CB0560CFB /* Pods-TripJournalApp.release.xcconfig */ = {isa = PBXFileReference; includeInIndex = 1; lastKnownFileType = text.xcconfig; name = "Pods-TripJournalApp.release.xcconfig"; path = "Target Support Files/Pods-TripJournalApp/Pods-TripJournalApp.release.xcconfig"; sourceTree = "<group>"; };
		C03BDA6A0255092F65F29D13 /* Pods-TripJournalApp.debug.xcconfig */ = {isa = PBXFileReference; includeInIndex = 1; lastKnownFileType = text.xcconfig; name = "Pods-TripJournalApp.debug.xcconfig"; path = "Target Support Files/Pods-TripJournalApp/Pods-TripJournalApp.debug.xcconfig"; sourceTree = "<group>"; };
		C7893DD6DFB75D35433AEDD3 /* Pods_TripJournalApp.framework */ = {isa = PBXFileReference; explicitFileType = wrapper.framework; includeInIndex = 0; path = Pods_TripJournalApp.framework; sourceTree = BUILT_PRODUCTS_DIR; };
		CDD896389F26F54F003B71A5 /* Pods_TripJournalAppTests.framework */ = {isa = PBXFileReference; explicitFileType = wrapper.framework; includeInIndex = 0; path = Pods_TripJournalAppTests.framework; sourceTree = BUILT_PRODUCTS_DIR; };
		D074EE366D0306B30DD51749 /* Pods_TripJournalApp_TripJournalAppUITests.framework */ = {isa = PBXFileReference; explicitFileType = wrapper.framework; includeInIndex = 0; path = Pods_TripJournalApp_TripJournalAppUITests.framework; sourceTree = BUILT_PRODUCTS_DIR; };
		E405E38A2618C23F00A73816 /* LoginViewController.swift */ = {isa = PBXFileReference; lastKnownFileType = sourcecode.swift; path = LoginViewController.swift; sourceTree = "<group>"; };
		E405E38F2618C26000A73816 /* RegisterViewController.swift */ = {isa = PBXFileReference; lastKnownFileType = sourcecode.swift; path = RegisterViewController.swift; sourceTree = "<group>"; };
		E405E3942618D76C00A73816 /* Constants.swift */ = {isa = PBXFileReference; lastKnownFileType = sourcecode.swift; path = Constants.swift; sourceTree = "<group>"; };
		E405E3AC2618E78B00A73816 /* CurrentUser.swift */ = {isa = PBXFileReference; lastKnownFileType = sourcecode.swift; path = CurrentUser.swift; sourceTree = "<group>"; };
		E480476B2619BC38006BC0C6 /* HomeViewController.swift */ = {isa = PBXFileReference; lastKnownFileType = sourcecode.swift; path = HomeViewController.swift; sourceTree = "<group>"; };
		E4C7084826187BD300D4AFED /* TripJournalApp.app */ = {isa = PBXFileReference; explicitFileType = wrapper.application; includeInIndex = 0; path = TripJournalApp.app; sourceTree = BUILT_PRODUCTS_DIR; };
		E4C7084B26187BD300D4AFED /* AppDelegate.swift */ = {isa = PBXFileReference; lastKnownFileType = sourcecode.swift; path = AppDelegate.swift; sourceTree = "<group>"; };
		E4C7084D26187BD300D4AFED /* SceneDelegate.swift */ = {isa = PBXFileReference; lastKnownFileType = sourcecode.swift; path = SceneDelegate.swift; sourceTree = "<group>"; };
		E4C7084F26187BD300D4AFED /* ViewController.swift */ = {isa = PBXFileReference; lastKnownFileType = sourcecode.swift; path = ViewController.swift; sourceTree = "<group>"; };
		E4C7085226187BD300D4AFED /* Base */ = {isa = PBXFileReference; lastKnownFileType = file.storyboard; name = Base; path = Base.lproj/Main.storyboard; sourceTree = "<group>"; };
		E4C7085426187BD400D4AFED /* Assets.xcassets */ = {isa = PBXFileReference; lastKnownFileType = folder.assetcatalog; path = Assets.xcassets; sourceTree = "<group>"; };
		E4C7085726187BD400D4AFED /* Base */ = {isa = PBXFileReference; lastKnownFileType = file.storyboard; name = Base; path = Base.lproj/LaunchScreen.storyboard; sourceTree = "<group>"; };
		E4C7085926187BD400D4AFED /* Info.plist */ = {isa = PBXFileReference; lastKnownFileType = text.plist.xml; path = Info.plist; sourceTree = "<group>"; };
		E4C7085E26187BD400D4AFED /* TripJournalAppTests.xctest */ = {isa = PBXFileReference; explicitFileType = wrapper.cfbundle; includeInIndex = 0; path = TripJournalAppTests.xctest; sourceTree = BUILT_PRODUCTS_DIR; };
		E4C7086226187BD400D4AFED /* TripJournalAppTests.swift */ = {isa = PBXFileReference; lastKnownFileType = sourcecode.swift; path = TripJournalAppTests.swift; sourceTree = "<group>"; };
		E4C7086426187BD400D4AFED /* Info.plist */ = {isa = PBXFileReference; lastKnownFileType = text.plist.xml; path = Info.plist; sourceTree = "<group>"; };
		E4C7086926187BD500D4AFED /* TripJournalAppUITests.xctest */ = {isa = PBXFileReference; explicitFileType = wrapper.cfbundle; includeInIndex = 0; path = TripJournalAppUITests.xctest; sourceTree = BUILT_PRODUCTS_DIR; };
		E4C7086D26187BD500D4AFED /* TripJournalAppUITests.swift */ = {isa = PBXFileReference; lastKnownFileType = sourcecode.swift; path = TripJournalAppUITests.swift; sourceTree = "<group>"; };
		E4C7086F26187BD500D4AFED /* Info.plist */ = {isa = PBXFileReference; lastKnownFileType = text.plist.xml; path = Info.plist; sourceTree = "<group>"; };
		E4C708842618814C00D4AFED /* Register.storyboard */ = {isa = PBXFileReference; lastKnownFileType = file.storyboard; path = Register.storyboard; sourceTree = "<group>"; };
		F9190F12189C6E96C4656D76 /* Pods-TripJournalAppTests.release.xcconfig */ = {isa = PBXFileReference; includeInIndex = 1; lastKnownFileType = text.xcconfig; name = "Pods-TripJournalAppTests.release.xcconfig"; path = "Target Support Files/Pods-TripJournalAppTests/Pods-TripJournalAppTests.release.xcconfig"; sourceTree = "<group>"; };
		FBC78DE12618AF5C00E3AA93 /* User.swift */ = {isa = PBXFileReference; lastKnownFileType = sourcecode.swift; path = User.swift; sourceTree = "<group>"; };
		FBC78DE62618B7E100E3AA93 /* Trip.swift */ = {isa = PBXFileReference; lastKnownFileType = sourcecode.swift; path = Trip.swift; sourceTree = "<group>"; };
		FBC78DEB2618BB0900E3AA93 /* Favorites.swift */ = {isa = PBXFileReference; lastKnownFileType = sourcecode.swift; path = Favorites.swift; sourceTree = "<group>"; };
		FBC78DF02618BCE300E3AA93 /* LoginRequest.swift */ = {isa = PBXFileReference; lastKnownFileType = sourcecode.swift; path = LoginRequest.swift; sourceTree = "<group>"; };
		FBC78E022618C60600E3AA93 /* Repository.swift */ = {isa = PBXFileReference; lastKnownFileType = sourcecode.swift; path = Repository.swift; sourceTree = "<group>"; };
/* End PBXFileReference section */

/* Begin PBXFrameworksBuildPhase section */
		E4C7084526187BD300D4AFED /* Frameworks */ = {
			isa = PBXFrameworksBuildPhase;
			buildActionMask = 2147483647;
			files = (
				A084A2518B517E5218FF65F3 /* Pods_TripJournalApp.framework in Frameworks */,
			);
			runOnlyForDeploymentPostprocessing = 0;
		};
		E4C7085B26187BD400D4AFED /* Frameworks */ = {
			isa = PBXFrameworksBuildPhase;
			buildActionMask = 2147483647;
			files = (
				506D1DC37176D2A7702959FF /* Pods_TripJournalAppTests.framework in Frameworks */,
			);
			runOnlyForDeploymentPostprocessing = 0;
		};
		E4C7086626187BD500D4AFED /* Frameworks */ = {
			isa = PBXFrameworksBuildPhase;
			buildActionMask = 2147483647;
			files = (
				D8B0365D46E7C3FEB4356B0A /* Pods_TripJournalApp_TripJournalAppUITests.framework in Frameworks */,
			);
			runOnlyForDeploymentPostprocessing = 0;
		};
/* End PBXFrameworksBuildPhase section */

/* Begin PBXGroup section */
		E1016523CAE8659CA4391D9F /* Pods */ = {
			isa = PBXGroup;
			children = (
				C03BDA6A0255092F65F29D13 /* Pods-TripJournalApp.debug.xcconfig */,
				B1D6045925A8F05CB0560CFB /* Pods-TripJournalApp.release.xcconfig */,
				2B6A0F44FBB5E9D8BF551CF5 /* Pods-TripJournalApp-TripJournalAppUITests.debug.xcconfig */,
				762E9B2C59CEB33EBFA36A7E /* Pods-TripJournalApp-TripJournalAppUITests.release.xcconfig */,
				1C3F4565CEFC2054B1772A67 /* Pods-TripJournalAppTests.debug.xcconfig */,
				F9190F12189C6E96C4656D76 /* Pods-TripJournalAppTests.release.xcconfig */,
			);
			path = Pods;
			sourceTree = "<group>";
		};
		E4C7083F26187BD300D4AFED = {
			isa = PBXGroup;
			children = (
				E4C7084A26187BD300D4AFED /* TripJournalApp */,
				E4C7086126187BD400D4AFED /* TripJournalAppTests */,
				E4C7086C26187BD500D4AFED /* TripJournalAppUITests */,
				E4C7084926187BD300D4AFED /* Products */,
				E1016523CAE8659CA4391D9F /* Pods */,
				F84B7F93BA6F5F90DE9F4303 /* Frameworks */,
			);
			sourceTree = "<group>";
		};
		E4C7084926187BD300D4AFED /* Products */ = {
			isa = PBXGroup;
			children = (
				E4C7084826187BD300D4AFED /* TripJournalApp.app */,
				E4C7085E26187BD400D4AFED /* TripJournalAppTests.xctest */,
				E4C7086926187BD500D4AFED /* TripJournalAppUITests.xctest */,
			);
			name = Products;
			sourceTree = "<group>";
		};
		E4C7084A26187BD300D4AFED /* TripJournalApp */ = {
			isa = PBXGroup;
			children = (
				E4C7084B26187BD300D4AFED /* AppDelegate.swift */,
				E405E38A2618C23F00A73816 /* LoginViewController.swift */,
				E4C7084D26187BD300D4AFED /* SceneDelegate.swift */,
				E4C7084F26187BD300D4AFED /* ViewController.swift */,
				E4C7085126187BD300D4AFED /* Main.storyboard */,
				E480476B2619BC38006BC0C6 /* HomeViewController.swift */,
				E4C7085426187BD400D4AFED /* Assets.xcassets */,
				E4C7085626187BD400D4AFED /* LaunchScreen.storyboard */,
				E4C7085926187BD400D4AFED /* Info.plist */,
				E4C708842618814C00D4AFED /* Register.storyboard */,
				FBC78DE12618AF5C00E3AA93 /* User.swift */,
				E405E38F2618C26000A73816 /* RegisterViewController.swift */,
				E405E3AC2618E78B00A73816 /* CurrentUser.swift */,
				FBC78DE62618B7E100E3AA93 /* Trip.swift */,
				FBC78DEB2618BB0900E3AA93 /* Favorites.swift */,
				FBC78DF02618BCE300E3AA93 /* LoginRequest.swift */,
				FBC78E022618C60600E3AA93 /* Repository.swift */,
				E405E3942618D76C00A73816 /* Constants.swift */,
			);
			path = TripJournalApp;
			sourceTree = "<group>";
		};
		E4C7086126187BD400D4AFED /* TripJournalAppTests */ = {
			isa = PBXGroup;
			children = (
				E4C7086226187BD400D4AFED /* TripJournalAppTests.swift */,
				E4C7086426187BD400D4AFED /* Info.plist */,
			);
			path = TripJournalAppTests;
			sourceTree = "<group>";
		};
		E4C7086C26187BD500D4AFED /* TripJournalAppUITests */ = {
			isa = PBXGroup;
			children = (
				E4C7086D26187BD500D4AFED /* TripJournalAppUITests.swift */,
				E4C7086F26187BD500D4AFED /* Info.plist */,
			);
			path = TripJournalAppUITests;
			sourceTree = "<group>";
		};
		F84B7F93BA6F5F90DE9F4303 /* Frameworks */ = {
			isa = PBXGroup;
			children = (
				C7893DD6DFB75D35433AEDD3 /* Pods_TripJournalApp.framework */,
				D074EE366D0306B30DD51749 /* Pods_TripJournalApp_TripJournalAppUITests.framework */,
				CDD896389F26F54F003B71A5 /* Pods_TripJournalAppTests.framework */,
			);
			name = Frameworks;
			sourceTree = "<group>";
		};
/* End PBXGroup section */

/* Begin PBXNativeTarget section */
		E4C7084726187BD300D4AFED /* TripJournalApp */ = {
			isa = PBXNativeTarget;
			buildConfigurationList = E4C7087226187BD500D4AFED /* Build configuration list for PBXNativeTarget "TripJournalApp" */;
			buildPhases = (
				89AC106883E493273B441270 /* [CP] Check Pods Manifest.lock */,
				E4C7084426187BD300D4AFED /* Sources */,
				E4C7084526187BD300D4AFED /* Frameworks */,
				E4C7084626187BD300D4AFED /* Resources */,
				5AF6BB68A08D5089D98F9FD1 /* [CP] Embed Pods Frameworks */,
			);
			buildRules = (
			);
			dependencies = (
			);
			name = TripJournalApp;
			productName = TripJournalApp;
			productReference = E4C7084826187BD300D4AFED /* TripJournalApp.app */;
			productType = "com.apple.product-type.application";
		};
		E4C7085D26187BD400D4AFED /* TripJournalAppTests */ = {
			isa = PBXNativeTarget;
			buildConfigurationList = E4C7087526187BD500D4AFED /* Build configuration list for PBXNativeTarget "TripJournalAppTests" */;
			buildPhases = (
				9424B1F54167CA5D54B8BD5D /* [CP] Check Pods Manifest.lock */,
				E4C7085A26187BD400D4AFED /* Sources */,
				E4C7085B26187BD400D4AFED /* Frameworks */,
				E4C7085C26187BD400D4AFED /* Resources */,
			);
			buildRules = (
			);
			dependencies = (
				E4C7086026187BD400D4AFED /* PBXTargetDependency */,
			);
			name = TripJournalAppTests;
			productName = TripJournalAppTests;
			productReference = E4C7085E26187BD400D4AFED /* TripJournalAppTests.xctest */;
			productType = "com.apple.product-type.bundle.unit-test";
		};
		E4C7086826187BD500D4AFED /* TripJournalAppUITests */ = {
			isa = PBXNativeTarget;
			buildConfigurationList = E4C7087826187BD500D4AFED /* Build configuration list for PBXNativeTarget "TripJournalAppUITests" */;
			buildPhases = (
				7035E5E00AA4C2DBCA7D9D54 /* [CP] Check Pods Manifest.lock */,
				E4C7086526187BD500D4AFED /* Sources */,
				E4C7086626187BD500D4AFED /* Frameworks */,
				E4C7086726187BD500D4AFED /* Resources */,
				8E85985C264C36B446FCC8D3 /* [CP] Embed Pods Frameworks */,
			);
			buildRules = (
			);
			dependencies = (
				E4C7086B26187BD500D4AFED /* PBXTargetDependency */,
			);
			name = TripJournalAppUITests;
			productName = TripJournalAppUITests;
			productReference = E4C7086926187BD500D4AFED /* TripJournalAppUITests.xctest */;
			productType = "com.apple.product-type.bundle.ui-testing";
		};
/* End PBXNativeTarget section */

/* Begin PBXProject section */
		E4C7084026187BD300D4AFED /* Project object */ = {
			isa = PBXProject;
			attributes = {
				LastSwiftUpdateCheck = 1240;
				LastUpgradeCheck = 1240;
				TargetAttributes = {
					E4C7084726187BD300D4AFED = {
						CreatedOnToolsVersion = 12.4;
					};
					E4C7085D26187BD400D4AFED = {
						CreatedOnToolsVersion = 12.4;
						TestTargetID = E4C7084726187BD300D4AFED;
					};
					E4C7086826187BD500D4AFED = {
						CreatedOnToolsVersion = 12.4;
						TestTargetID = E4C7084726187BD300D4AFED;
					};
				};
			};
			buildConfigurationList = E4C7084326187BD300D4AFED /* Build configuration list for PBXProject "TripJournalApp" */;
			compatibilityVersion = "Xcode 9.3";
			developmentRegion = en;
			hasScannedForEncodings = 0;
			knownRegions = (
				en,
				Base,
			);
			mainGroup = E4C7083F26187BD300D4AFED;
			productRefGroup = E4C7084926187BD300D4AFED /* Products */;
			projectDirPath = "";
			projectRoot = "";
			targets = (
				E4C7084726187BD300D4AFED /* TripJournalApp */,
				E4C7085D26187BD400D4AFED /* TripJournalAppTests */,
				E4C7086826187BD500D4AFED /* TripJournalAppUITests */,
			);
		};
/* End PBXProject section */

/* Begin PBXResourcesBuildPhase section */
		E4C7084626187BD300D4AFED /* Resources */ = {
			isa = PBXResourcesBuildPhase;
			buildActionMask = 2147483647;
			files = (
				E4C7085826187BD400D4AFED /* LaunchScreen.storyboard in Resources */,
				E4C7085526187BD400D4AFED /* Assets.xcassets in Resources */,
				E4C7085326187BD300D4AFED /* Main.storyboard in Resources */,
				E4C708852618814C00D4AFED /* Register.storyboard in Resources */,
			);
			runOnlyForDeploymentPostprocessing = 0;
		};
		E4C7085C26187BD400D4AFED /* Resources */ = {
			isa = PBXResourcesBuildPhase;
			buildActionMask = 2147483647;
			files = (
			);
			runOnlyForDeploymentPostprocessing = 0;
		};
		E4C7086726187BD500D4AFED /* Resources */ = {
			isa = PBXResourcesBuildPhase;
			buildActionMask = 2147483647;
			files = (
			);
			runOnlyForDeploymentPostprocessing = 0;
		};
/* End PBXResourcesBuildPhase section */

/* Begin PBXShellScriptBuildPhase section */
		5AF6BB68A08D5089D98F9FD1 /* [CP] Embed Pods Frameworks */ = {
			isa = PBXShellScriptBuildPhase;
			buildActionMask = 2147483647;
			files = (
			);
			inputFileListPaths = (
				"${PODS_ROOT}/Target Support Files/Pods-TripJournalApp/Pods-TripJournalApp-frameworks-${CONFIGURATION}-input-files.xcfilelist",
			);
			name = "[CP] Embed Pods Frameworks";
			outputFileListPaths = (
				"${PODS_ROOT}/Target Support Files/Pods-TripJournalApp/Pods-TripJournalApp-frameworks-${CONFIGURATION}-output-files.xcfilelist",
			);
			runOnlyForDeploymentPostprocessing = 0;
			shellPath = /bin/sh;
			shellScript = "\"${PODS_ROOT}/Target Support Files/Pods-TripJournalApp/Pods-TripJournalApp-frameworks.sh\"\n";
			showEnvVarsInLog = 0;
		};
		7035E5E00AA4C2DBCA7D9D54 /* [CP] Check Pods Manifest.lock */ = {
			isa = PBXShellScriptBuildPhase;
			buildActionMask = 2147483647;
			files = (
			);
			inputFileListPaths = (
			);
			inputPaths = (
				"${PODS_PODFILE_DIR_PATH}/Podfile.lock",
				"${PODS_ROOT}/Manifest.lock",
			);
			name = "[CP] Check Pods Manifest.lock";
			outputFileListPaths = (
			);
			outputPaths = (
				"$(DERIVED_FILE_DIR)/Pods-TripJournalApp-TripJournalAppUITests-checkManifestLockResult.txt",
			);
			runOnlyForDeploymentPostprocessing = 0;
			shellPath = /bin/sh;
			shellScript = "diff \"${PODS_PODFILE_DIR_PATH}/Podfile.lock\" \"${PODS_ROOT}/Manifest.lock\" > /dev/null\nif [ $? != 0 ] ; then\n    # print error to STDERR\n    echo \"error: The sandbox is not in sync with the Podfile.lock. Run 'pod install' or update your CocoaPods installation.\" >&2\n    exit 1\nfi\n# This output is used by Xcode 'outputs' to avoid re-running this script phase.\necho \"SUCCESS\" > \"${SCRIPT_OUTPUT_FILE_0}\"\n";
			showEnvVarsInLog = 0;
		};
		89AC106883E493273B441270 /* [CP] Check Pods Manifest.lock */ = {
			isa = PBXShellScriptBuildPhase;
			buildActionMask = 2147483647;
			files = (
			);
			inputFileListPaths = (
			);
			inputPaths = (
				"${PODS_PODFILE_DIR_PATH}/Podfile.lock",
				"${PODS_ROOT}/Manifest.lock",
			);
			name = "[CP] Check Pods Manifest.lock";
			outputFileListPaths = (
			);
			outputPaths = (
				"$(DERIVED_FILE_DIR)/Pods-TripJournalApp-checkManifestLockResult.txt",
			);
			runOnlyForDeploymentPostprocessing = 0;
			shellPath = /bin/sh;
			shellScript = "diff \"${PODS_PODFILE_DIR_PATH}/Podfile.lock\" \"${PODS_ROOT}/Manifest.lock\" > /dev/null\nif [ $? != 0 ] ; then\n    # print error to STDERR\n    echo \"error: The sandbox is not in sync with the Podfile.lock. Run 'pod install' or update your CocoaPods installation.\" >&2\n    exit 1\nfi\n# This output is used by Xcode 'outputs' to avoid re-running this script phase.\necho \"SUCCESS\" > \"${SCRIPT_OUTPUT_FILE_0}\"\n";
			showEnvVarsInLog = 0;
		};
		8E85985C264C36B446FCC8D3 /* [CP] Embed Pods Frameworks */ = {
			isa = PBXShellScriptBuildPhase;
			buildActionMask = 2147483647;
			files = (
			);
			inputFileListPaths = (
				"${PODS_ROOT}/Target Support Files/Pods-TripJournalApp-TripJournalAppUITests/Pods-TripJournalApp-TripJournalAppUITests-frameworks-${CONFIGURATION}-input-files.xcfilelist",
			);
			name = "[CP] Embed Pods Frameworks";
			outputFileListPaths = (
				"${PODS_ROOT}/Target Support Files/Pods-TripJournalApp-TripJournalAppUITests/Pods-TripJournalApp-TripJournalAppUITests-frameworks-${CONFIGURATION}-output-files.xcfilelist",
			);
			runOnlyForDeploymentPostprocessing = 0;
			shellPath = /bin/sh;
			shellScript = "\"${PODS_ROOT}/Target Support Files/Pods-TripJournalApp-TripJournalAppUITests/Pods-TripJournalApp-TripJournalAppUITests-frameworks.sh\"\n";
			showEnvVarsInLog = 0;
		};
		9424B1F54167CA5D54B8BD5D /* [CP] Check Pods Manifest.lock */ = {
			isa = PBXShellScriptBuildPhase;
			buildActionMask = 2147483647;
			files = (
			);
			inputFileListPaths = (
			);
			inputPaths = (
				"${PODS_PODFILE_DIR_PATH}/Podfile.lock",
				"${PODS_ROOT}/Manifest.lock",
			);
			name = "[CP] Check Pods Manifest.lock";
			outputFileListPaths = (
			);
			outputPaths = (
				"$(DERIVED_FILE_DIR)/Pods-TripJournalAppTests-checkManifestLockResult.txt",
			);
			runOnlyForDeploymentPostprocessing = 0;
			shellPath = /bin/sh;
			shellScript = "diff \"${PODS_PODFILE_DIR_PATH}/Podfile.lock\" \"${PODS_ROOT}/Manifest.lock\" > /dev/null\nif [ $? != 0 ] ; then\n    # print error to STDERR\n    echo \"error: The sandbox is not in sync with the Podfile.lock. Run 'pod install' or update your CocoaPods installation.\" >&2\n    exit 1\nfi\n# This output is used by Xcode 'outputs' to avoid re-running this script phase.\necho \"SUCCESS\" > \"${SCRIPT_OUTPUT_FILE_0}\"\n";
			showEnvVarsInLog = 0;
		};
/* End PBXShellScriptBuildPhase section */

/* Begin PBXSourcesBuildPhase section */
		E4C7084426187BD300D4AFED /* Sources */ = {
			isa = PBXSourcesBuildPhase;
			buildActionMask = 2147483647;
			files = (
				E405E3902618C26000A73816 /* RegisterViewController.swift in Sources */,
				E405E38B2618C23F00A73816 /* LoginViewController.swift in Sources */,
				FBC78DE72618B7E100E3AA93 /* Trip.swift in Sources */,
				FBC78DE22618AF5C00E3AA93 /* User.swift in Sources */,
				E4C7085026187BD300D4AFED /* ViewController.swift in Sources */,
				E405E3952618D76C00A73816 /* Constants.swift in Sources */,
				FBC78DEC2618BB0900E3AA93 /* Favorites.swift in Sources */,
				E4C7084C26187BD300D4AFED /* AppDelegate.swift in Sources */,
				FBC78E032618C60600E3AA93 /* Repository.swift in Sources */,
				FBC78DF12618BCE300E3AA93 /* LoginRequest.swift in Sources */,
				E405E3AD2618E78B00A73816 /* CurrentUser.swift in Sources */,
				E480476C2619BC38006BC0C6 /* HomeViewController.swift in Sources */,
				E4C7084E26187BD300D4AFED /* SceneDelegate.swift in Sources */,
			);
			runOnlyForDeploymentPostprocessing = 0;
		};
		E4C7085A26187BD400D4AFED /* Sources */ = {
			isa = PBXSourcesBuildPhase;
			buildActionMask = 2147483647;
			files = (
				E4C7086326187BD400D4AFED /* TripJournalAppTests.swift in Sources */,
			);
			runOnlyForDeploymentPostprocessing = 0;
		};
		E4C7086526187BD500D4AFED /* Sources */ = {
			isa = PBXSourcesBuildPhase;
			buildActionMask = 2147483647;
			files = (
				E4C7086E26187BD500D4AFED /* TripJournalAppUITests.swift in Sources */,
			);
			runOnlyForDeploymentPostprocessing = 0;
		};
/* End PBXSourcesBuildPhase section */

/* Begin PBXTargetDependency section */
		E4C7086026187BD400D4AFED /* PBXTargetDependency */ = {
			isa = PBXTargetDependency;
			target = E4C7084726187BD300D4AFED /* TripJournalApp */;
			targetProxy = E4C7085F26187BD400D4AFED /* PBXContainerItemProxy */;
		};
		E4C7086B26187BD500D4AFED /* PBXTargetDependency */ = {
			isa = PBXTargetDependency;
			target = E4C7084726187BD300D4AFED /* TripJournalApp */;
			targetProxy = E4C7086A26187BD500D4AFED /* PBXContainerItemProxy */;
		};
/* End PBXTargetDependency section */

/* Begin PBXVariantGroup section */
		E4C7085126187BD300D4AFED /* Main.storyboard */ = {
			isa = PBXVariantGroup;
			children = (
				E4C7085226187BD300D4AFED /* Base */,
			);
			name = Main.storyboard;
			sourceTree = "<group>";
		};
		E4C7085626187BD400D4AFED /* LaunchScreen.storyboard */ = {
			isa = PBXVariantGroup;
			children = (
				E4C7085726187BD400D4AFED /* Base */,
			);
			name = LaunchScreen.storyboard;
			sourceTree = "<group>";
		};
/* End PBXVariantGroup section */

/* Begin XCBuildConfiguration section */
		E4C7087026187BD500D4AFED /* Debug */ = {
			isa = XCBuildConfiguration;
			buildSettings = {
				ALWAYS_SEARCH_USER_PATHS = NO;
				CLANG_ANALYZER_NONNULL = YES;
				CLANG_ANALYZER_NUMBER_OBJECT_CONVERSION = YES_AGGRESSIVE;
				CLANG_CXX_LANGUAGE_STANDARD = "gnu++14";
				CLANG_CXX_LIBRARY = "libc++";
				CLANG_ENABLE_MODULES = YES;
				CLANG_ENABLE_OBJC_ARC = YES;
				CLANG_ENABLE_OBJC_WEAK = YES;
				CLANG_WARN_BLOCK_CAPTURE_AUTORELEASING = YES;
				CLANG_WARN_BOOL_CONVERSION = YES;
				CLANG_WARN_COMMA = YES;
				CLANG_WARN_CONSTANT_CONVERSION = YES;
				CLANG_WARN_DEPRECATED_OBJC_IMPLEMENTATIONS = YES;
				CLANG_WARN_DIRECT_OBJC_ISA_USAGE = YES_ERROR;
				CLANG_WARN_DOCUMENTATION_COMMENTS = YES;
				CLANG_WARN_EMPTY_BODY = YES;
				CLANG_WARN_ENUM_CONVERSION = YES;
				CLANG_WARN_INFINITE_RECURSION = YES;
				CLANG_WARN_INT_CONVERSION = YES;
				CLANG_WARN_NON_LITERAL_NULL_CONVERSION = YES;
				CLANG_WARN_OBJC_IMPLICIT_RETAIN_SELF = YES;
				CLANG_WARN_OBJC_LITERAL_CONVERSION = YES;
				CLANG_WARN_OBJC_ROOT_CLASS = YES_ERROR;
				CLANG_WARN_QUOTED_INCLUDE_IN_FRAMEWORK_HEADER = YES;
				CLANG_WARN_RANGE_LOOP_ANALYSIS = YES;
				CLANG_WARN_STRICT_PROTOTYPES = YES;
				CLANG_WARN_SUSPICIOUS_MOVE = YES;
				CLANG_WARN_UNGUARDED_AVAILABILITY = YES_AGGRESSIVE;
				CLANG_WARN_UNREACHABLE_CODE = YES;
				CLANG_WARN__DUPLICATE_METHOD_MATCH = YES;
				COPY_PHASE_STRIP = NO;
				DEBUG_INFORMATION_FORMAT = dwarf;
				ENABLE_STRICT_OBJC_MSGSEND = YES;
				ENABLE_TESTABILITY = YES;
				GCC_C_LANGUAGE_STANDARD = gnu11;
				GCC_DYNAMIC_NO_PIC = NO;
				GCC_NO_COMMON_BLOCKS = YES;
				GCC_OPTIMIZATION_LEVEL = 0;
				GCC_PREPROCESSOR_DEFINITIONS = (
					"DEBUG=1",
					"$(inherited)",
				);
				GCC_WARN_64_TO_32_BIT_CONVERSION = YES;
				GCC_WARN_ABOUT_RETURN_TYPE = YES_ERROR;
				GCC_WARN_UNDECLARED_SELECTOR = YES;
				GCC_WARN_UNINITIALIZED_AUTOS = YES_AGGRESSIVE;
				GCC_WARN_UNUSED_FUNCTION = YES;
				GCC_WARN_UNUSED_VARIABLE = YES;
				IPHONEOS_DEPLOYMENT_TARGET = 14.4;
				MTL_ENABLE_DEBUG_INFO = INCLUDE_SOURCE;
				MTL_FAST_MATH = YES;
				ONLY_ACTIVE_ARCH = YES;
				SDKROOT = iphoneos;
				SWIFT_ACTIVE_COMPILATION_CONDITIONS = DEBUG;
				SWIFT_OPTIMIZATION_LEVEL = "-Onone";
			};
			name = Debug;
		};
		E4C7087126187BD500D4AFED /* Release */ = {
			isa = XCBuildConfiguration;
			buildSettings = {
				ALWAYS_SEARCH_USER_PATHS = NO;
				CLANG_ANALYZER_NONNULL = YES;
				CLANG_ANALYZER_NUMBER_OBJECT_CONVERSION = YES_AGGRESSIVE;
				CLANG_CXX_LANGUAGE_STANDARD = "gnu++14";
				CLANG_CXX_LIBRARY = "libc++";
				CLANG_ENABLE_MODULES = YES;
				CLANG_ENABLE_OBJC_ARC = YES;
				CLANG_ENABLE_OBJC_WEAK = YES;
				CLANG_WARN_BLOCK_CAPTURE_AUTORELEASING = YES;
				CLANG_WARN_BOOL_CONVERSION = YES;
				CLANG_WARN_COMMA = YES;
				CLANG_WARN_CONSTANT_CONVERSION = YES;
				CLANG_WARN_DEPRECATED_OBJC_IMPLEMENTATIONS = YES;
				CLANG_WARN_DIRECT_OBJC_ISA_USAGE = YES_ERROR;
				CLANG_WARN_DOCUMENTATION_COMMENTS = YES;
				CLANG_WARN_EMPTY_BODY = YES;
				CLANG_WARN_ENUM_CONVERSION = YES;
				CLANG_WARN_INFINITE_RECURSION = YES;
				CLANG_WARN_INT_CONVERSION = YES;
				CLANG_WARN_NON_LITERAL_NULL_CONVERSION = YES;
				CLANG_WARN_OBJC_IMPLICIT_RETAIN_SELF = YES;
				CLANG_WARN_OBJC_LITERAL_CONVERSION = YES;
				CLANG_WARN_OBJC_ROOT_CLASS = YES_ERROR;
				CLANG_WARN_QUOTED_INCLUDE_IN_FRAMEWORK_HEADER = YES;
				CLANG_WARN_RANGE_LOOP_ANALYSIS = YES;
				CLANG_WARN_STRICT_PROTOTYPES = YES;
				CLANG_WARN_SUSPICIOUS_MOVE = YES;
				CLANG_WARN_UNGUARDED_AVAILABILITY = YES_AGGRESSIVE;
				CLANG_WARN_UNREACHABLE_CODE = YES;
				CLANG_WARN__DUPLICATE_METHOD_MATCH = YES;
				COPY_PHASE_STRIP = NO;
				DEBUG_INFORMATION_FORMAT = "dwarf-with-dsym";
				ENABLE_NS_ASSERTIONS = NO;
				ENABLE_STRICT_OBJC_MSGSEND = YES;
				GCC_C_LANGUAGE_STANDARD = gnu11;
				GCC_NO_COMMON_BLOCKS = YES;
				GCC_WARN_64_TO_32_BIT_CONVERSION = YES;
				GCC_WARN_ABOUT_RETURN_TYPE = YES_ERROR;
				GCC_WARN_UNDECLARED_SELECTOR = YES;
				GCC_WARN_UNINITIALIZED_AUTOS = YES_AGGRESSIVE;
				GCC_WARN_UNUSED_FUNCTION = YES;
				GCC_WARN_UNUSED_VARIABLE = YES;
				IPHONEOS_DEPLOYMENT_TARGET = 14.4;
				MTL_ENABLE_DEBUG_INFO = NO;
				MTL_FAST_MATH = YES;
				SDKROOT = iphoneos;
				SWIFT_COMPILATION_MODE = wholemodule;
				SWIFT_OPTIMIZATION_LEVEL = "-O";
				VALIDATE_PRODUCT = YES;
			};
			name = Release;
		};
		E4C7087326187BD500D4AFED /* Debug */ = {
			isa = XCBuildConfiguration;
			baseConfigurationReference = C03BDA6A0255092F65F29D13 /* Pods-TripJournalApp.debug.xcconfig */;
			buildSettings = {
				ASSETCATALOG_COMPILER_APPICON_NAME = AppIcon;
				ASSETCATALOG_COMPILER_GLOBAL_ACCENT_COLOR_NAME = AccentColor;
				CODE_SIGN_STYLE = Automatic;
				INFOPLIST_FILE = TripJournalApp/Info.plist;
				LD_RUNPATH_SEARCH_PATHS = (
					"$(inherited)",
					"@executable_path/Frameworks",
				);
				PRODUCT_BUNDLE_IDENTIFIER = com.tripjournal.TripJournalApp;
				PRODUCT_NAME = "$(TARGET_NAME)";
				SWIFT_VERSION = 5.0;
				TARGETED_DEVICE_FAMILY = "1,2";
			};
			name = Debug;
		};
		E4C7087426187BD500D4AFED /* Release */ = {
			isa = XCBuildConfiguration;
			baseConfigurationReference = B1D6045925A8F05CB0560CFB /* Pods-TripJournalApp.release.xcconfig */;
			buildSettings = {
				ASSETCATALOG_COMPILER_APPICON_NAME = AppIcon;
				ASSETCATALOG_COMPILER_GLOBAL_ACCENT_COLOR_NAME = AccentColor;
				CODE_SIGN_STYLE = Automatic;
				INFOPLIST_FILE = TripJournalApp/Info.plist;
				LD_RUNPATH_SEARCH_PATHS = (
					"$(inherited)",
					"@executable_path/Frameworks",
				);
				PRODUCT_BUNDLE_IDENTIFIER = com.tripjournal.TripJournalApp;
				PRODUCT_NAME = "$(TARGET_NAME)";
				SWIFT_VERSION = 5.0;
				TARGETED_DEVICE_FAMILY = "1,2";
			};
			name = Release;
		};
		E4C7087626187BD500D4AFED /* Debug */ = {
			isa = XCBuildConfiguration;
			baseConfigurationReference = 1C3F4565CEFC2054B1772A67 /* Pods-TripJournalAppTests.debug.xcconfig */;
			buildSettings = {
				ALWAYS_EMBED_SWIFT_STANDARD_LIBRARIES = YES;
				BUNDLE_LOADER = "$(TEST_HOST)";
				CODE_SIGN_STYLE = Automatic;
				INFOPLIST_FILE = TripJournalAppTests/Info.plist;
				IPHONEOS_DEPLOYMENT_TARGET = 14.4;
				LD_RUNPATH_SEARCH_PATHS = (
					"$(inherited)",
					"@executable_path/Frameworks",
					"@loader_path/Frameworks",
				);
				PRODUCT_BUNDLE_IDENTIFIER = com.tripjournal.TripJournalAppTests;
				PRODUCT_NAME = "$(TARGET_NAME)";
				SWIFT_VERSION = 5.0;
				TARGETED_DEVICE_FAMILY = "1,2";
				TEST_HOST = "$(BUILT_PRODUCTS_DIR)/TripJournalApp.app/TripJournalApp";
			};
			name = Debug;
		};
		E4C7087726187BD500D4AFED /* Release */ = {
			isa = XCBuildConfiguration;
			baseConfigurationReference = F9190F12189C6E96C4656D76 /* Pods-TripJournalAppTests.release.xcconfig */;
			buildSettings = {
				ALWAYS_EMBED_SWIFT_STANDARD_LIBRARIES = YES;
				BUNDLE_LOADER = "$(TEST_HOST)";
				CODE_SIGN_STYLE = Automatic;
				INFOPLIST_FILE = TripJournalAppTests/Info.plist;
				IPHONEOS_DEPLOYMENT_TARGET = 14.4;
				LD_RUNPATH_SEARCH_PATHS = (
					"$(inherited)",
					"@executable_path/Frameworks",
					"@loader_path/Frameworks",
				);
				PRODUCT_BUNDLE_IDENTIFIER = com.tripjournal.TripJournalAppTests;
				PRODUCT_NAME = "$(TARGET_NAME)";
				SWIFT_VERSION = 5.0;
				TARGETED_DEVICE_FAMILY = "1,2";
				TEST_HOST = "$(BUILT_PRODUCTS_DIR)/TripJournalApp.app/TripJournalApp";
			};
			name = Release;
		};
		E4C7087926187BD500D4AFED /* Debug */ = {
			isa = XCBuildConfiguration;
			baseConfigurationReference = 2B6A0F44FBB5E9D8BF551CF5 /* Pods-TripJournalApp-TripJournalAppUITests.debug.xcconfig */;
			buildSettings = {
				ALWAYS_EMBED_SWIFT_STANDARD_LIBRARIES = YES;
				CODE_SIGN_STYLE = Automatic;
				INFOPLIST_FILE = TripJournalAppUITests/Info.plist;
				LD_RUNPATH_SEARCH_PATHS = (
					"$(inherited)",
					"@executable_path/Frameworks",
					"@loader_path/Frameworks",
				);
				PRODUCT_BUNDLE_IDENTIFIER = com.tripjournal.TripJournalAppUITests;
				PRODUCT_NAME = "$(TARGET_NAME)";
				SWIFT_VERSION = 5.0;
				TARGETED_DEVICE_FAMILY = "1,2";
				TEST_TARGET_NAME = TripJournalApp;
			};
			name = Debug;
		};
		E4C7087A26187BD500D4AFED /* Release */ = {
			isa = XCBuildConfiguration;
			baseConfigurationReference = 762E9B2C59CEB33EBFA36A7E /* Pods-TripJournalApp-TripJournalAppUITests.release.xcconfig */;
			buildSettings = {
				ALWAYS_EMBED_SWIFT_STANDARD_LIBRARIES = YES;
				CODE_SIGN_STYLE = Automatic;
				INFOPLIST_FILE = TripJournalAppUITests/Info.plist;
				LD_RUNPATH_SEARCH_PATHS = (
					"$(inherited)",
					"@executable_path/Frameworks",
					"@loader_path/Frameworks",
				);
				PRODUCT_BUNDLE_IDENTIFIER = com.tripjournal.TripJournalAppUITests;
				PRODUCT_NAME = "$(TARGET_NAME)";
				SWIFT_VERSION = 5.0;
				TARGETED_DEVICE_FAMILY = "1,2";
				TEST_TARGET_NAME = TripJournalApp;
			};
			name = Release;
		};
/* End XCBuildConfiguration section */

/* Begin XCConfigurationList section */
		E4C7084326187BD300D4AFED /* Build configuration list for PBXProject "TripJournalApp" */ = {
			isa = XCConfigurationList;
			buildConfigurations = (
				E4C7087026187BD500D4AFED /* Debug */,
				E4C7087126187BD500D4AFED /* Release */,
			);
			defaultConfigurationIsVisible = 0;
			defaultConfigurationName = Release;
		};
		E4C7087226187BD500D4AFED /* Build configuration list for PBXNativeTarget "TripJournalApp" */ = {
			isa = XCConfigurationList;
			buildConfigurations = (
				E4C7087326187BD500D4AFED /* Debug */,
				E4C7087426187BD500D4AFED /* Release */,
			);
			defaultConfigurationIsVisible = 0;
			defaultConfigurationName = Release;
		};
		E4C7087526187BD500D4AFED /* Build configuration list for PBXNativeTarget "TripJournalAppTests" */ = {
			isa = XCConfigurationList;
			buildConfigurations = (
				E4C7087626187BD500D4AFED /* Debug */,
				E4C7087726187BD500D4AFED /* Release */,
			);
			defaultConfigurationIsVisible = 0;
			defaultConfigurationName = Release;
		};
		E4C7087826187BD500D4AFED /* Build configuration list for PBXNativeTarget "TripJournalAppUITests" */ = {
			isa = XCConfigurationList;
			buildConfigurations = (
				E4C7087926187BD500D4AFED /* Debug */,
				E4C7087A26187BD500D4AFED /* Release */,
			);
			defaultConfigurationIsVisible = 0;
			defaultConfigurationName = Release;
		};
/* End XCConfigurationList section */
	};
	rootObject = E4C7084026187BD300D4AFED /* Project object */;
}
