PODS:
  - Alamofire (5.4.1)
  - AppAuth (1.4.0):
    - AppAuth/Core (= 1.4.0)
    - AppAuth/ExternalUserAgent (= 1.4.0)
  - AppAuth/Core (1.4.0)
  - AppAuth/ExternalUserAgent (1.4.0)
  - GoogleSignIn (5.0.2):
    - AppAuth (~> 1.2)
    - GTMAppAuth (~> 1.0)
    - GTMSessionFetcher/Core (~> 1.1)
  - GTMAppAuth (1.2.1):
    - AppAuth/Core (~> 1.4)
    - GTMSessionFetcher/Core (~> 1.5)
  - GTMSessionFetcher/Core (1.5.0)

DEPENDENCIES:
  - Alamofire (~> 5.2)
  - GoogleSignIn

SPEC REPOS:
  trunk:
    - Alamofire
    - AppAuth
    - GoogleSignIn
    - GTMAppAuth
    - GTMSessionFetcher

SPEC CHECKSUMS:
  Alamofire: 2291f7d21ca607c491dd17642e5d40fdcda0e65c
  AppAuth: 31bcec809a638d7bd2f86ea8a52bd45f6e81e7c7
  GoogleSignIn: 7137d297ddc022a7e0aa4619c86d72c909fa7213
  GTMAppAuth: 5b53231ef6920f149ab84b2969cb0ab572da3077
  GTMSessionFetcher: b3503b20a988c4e20cc189aa798fd18220133f52

PODFILE CHECKSUM: 7de75f78d25422957de1b9be985a1fb9e49f4e7b

COCOAPODS: 1.10.1
